
Microsoft Visual Studio Solution File, Format Version 12.00
# Visual Studio Version 17
VisualStudioVersion = 17.9.34622.214
MinimumVisualStudioVersion = 10.0.40219.1
Project("{9A19103F-16F7-4668-BE54-9A1E7A4F7556}") = "SmartFishLogin", "SmartFishLogin\SmartFishLogin.csproj", "{9073B7DD-1C4F-4D04-9D66-B0F58A2648E4}"
EndProject
Project("{9A19103F-16F7-4668-BE54-9A1E7A4F7556}") = "SmartFishLogin.Core", "SmartFishLogin.Core\SmartFishLogin.Core.csproj", "{56ECA537-F093-426A-A7E0-2EB2983D3E34}"
EndProject
Project("{9A19103F-16F7-4668-BE54-9A1E7A4F7556}") = "SmartFishLogin.Infra", "SmartFishLogin.Infra\SmartFishLogin.Infra.csproj", "{B58A14ED-3E9D-4F43-B1F0-D9CFA536D579}"
EndProject
Project("{9A19103F-16F7-4668-BE54-9A1E7A4F7556}") = "SmartFishLogin.Tokens", "SmartFishLogin.Tokens\SmartFishLogin.Tokens.csproj", "{2ECEABCB-EA18-4FE2-9E99-D65C76A18B9A}"
EndProject
Project("{FAE04EC0-301F-11D3-BF4B-00C04F79EFBC}") = "SmartFishLogin.encryp", "SmartFishLogin.encryp\SmartFishLogin.encryp.csproj", "{0843A258-D910-4E41-9514-59B1AC6B3557}"
EndProject
Global
	GlobalSection(SolutionConfigurationPlatforms) = preSolution
		Debug|Any CPU = Debug|Any CPU
		Release|Any CPU = Release|Any CPU
	EndGlobalSection
	GlobalSection(ProjectConfigurationPlatforms) = postSolution
		{9073B7DD-1C4F-4D04-9D66-B0F58A2648E4}.Debug|Any CPU.ActiveCfg = Debug|Any CPU
		{9073B7DD-1C4F-4D04-9D66-B0F58A2648E4}.Debug|Any CPU.Build.0 = Debug|Any CPU
		{9073B7DD-1C4F-4D04-9D66-B0F58A2648E4}.Release|Any CPU.ActiveCfg = Release|Any CPU
		{9073B7DD-1C4F-4D04-9D66-B0F58A2648E4}.Release|Any CPU.Build.0 = Release|Any CPU
		{56ECA537-F093-426A-A7E0-2EB2983D3E34}.Debug|Any CPU.ActiveCfg = Debug|Any CPU
		{56ECA537-F093-426A-A7E0-2EB2983D3E34}.Debug|Any CPU.Build.0 = Debug|Any CPU
		{56ECA537-F093-426A-A7E0-2EB2983D3E34}.Release|Any CPU.ActiveCfg = Release|Any CPU
		{56ECA537-F093-426A-A7E0-2EB2983D3E34}.Release|Any CPU.Build.0 = Release|Any CPU
		{B58A14ED-3E9D-4F43-B1F0-D9CFA536D579}.Debug|Any CPU.ActiveCfg = Debug|Any CPU
		{B58A14ED-3E9D-4F43-B1F0-D9CFA536D579}.Debug|Any CPU.Build.0 = Debug|Any CPU
		{B58A14ED-3E9D-4F43-B1F0-D9CFA536D579}.Release|Any CPU.ActiveCfg = Release|Any CPU
		{B58A14ED-3E9D-4F43-B1F0-D9CFA536D579}.Release|Any CPU.Build.0 = Release|Any CPU
		{2ECEABCB-EA18-4FE2-9E99-D65C76A18B9A}.Debug|Any CPU.ActiveCfg = Debug|Any CPU
		{2ECEABCB-EA18-4FE2-9E99-D65C76A18B9A}.Debug|Any CPU.Build.0 = Debug|Any CPU
		{2ECEABCB-EA18-4FE2-9E99-D65C76A18B9A}.Release|Any CPU.ActiveCfg = Release|Any CPU
		{2ECEABCB-EA18-4FE2-9E99-D65C76A18B9A}.Release|Any CPU.Build.0 = Release|Any CPU
		{0843A258-D910-4E41-9514-59B1AC6B3557}.Debug|Any CPU.ActiveCfg = Debug|Any CPU
		{0843A258-D910-4E41-9514-59B1AC6B3557}.Debug|Any CPU.Build.0 = Debug|Any CPU
		{0843A258-D910-4E41-9514-59B1AC6B3557}.Release|Any CPU.ActiveCfg = Release|Any CPU
		{0843A258-D910-4E41-9514-59B1AC6B3557}.Release|Any CPU.Build.0 = Release|Any CPU
	EndGlobalSection
	GlobalSection(SolutionProperties) = preSolution
		HideSolutionNode = FALSE
	EndGlobalSection
	GlobalSection(ExtensibilityGlobals) = postSolution
		SolutionGuid = {3AEEE884-46AB-4F1F-BAC0-07EE0EA7B44F}
	EndGlobalSection
EndGlobal
